%{"elixir_ale": {:hex, :elixir_ale, "1.0.0", "e1e4b01cfdce54bf93cf09971bb75b76422a818fe97c9a1622a72d8ee32f61a8", [], [{:elixir_make, "~> 0.4", [hex: :elixir_make, repo: "hexpm", optional: false]}], "hexpm"},
  "elixir_make": {:hex, :elixir_make, "0.4.0", "992f38fabe705bb45821a728f20914c554b276838433349d4f2341f7a687cddf", [], [], "hexpm"},
  "grovepi": {:hex, :grovepi, "0.5.1", "106002fe92fcdd5a4e1fd5c107cebab64d71946957a399ae2df298dfc03f846e", [], [{:elixir_ale, "~> 1.0", [hex: :elixir_ale, repo: "hexpm", optional: false]}], "hexpm"}}
